
Microsoft Visual Studio Solution File, Format Version 12.00
# Visual Studio Version 17
VisualStudioVersion = 17.14.36717.8 d17.14
MinimumVisualStudioVersion = 10.0.40219.1
Project("{FAE04EC0-301F-11D3-BF4B-00C04F79EFBC}") = "зад. 3", "зад. 3\зад. 3.csproj", "{7E110B75-74CA-432B-93EB-EB82A30E6CF1}"
EndProject
Global
	GlobalSection(SolutionConfigurationPlatforms) = preSolution
		Debug|Any CPU = Debug|Any CPU
		Release|Any CPU = Release|Any CPU
	EndGlobalSection
	GlobalSection(ProjectConfigurationPlatforms) = postSolution
		{7E110B75-74CA-432B-93EB-EB82A30E6CF1}.Debug|Any CPU.ActiveCfg = Debug|Any CPU
		{7E110B75-74CA-432B-93EB-EB82A30E6CF1}.Debug|Any CPU.Build.0 = Debug|Any CPU
		{7E110B75-74CA-432B-93EB-EB82A30E6CF1}.Release|Any CPU.ActiveCfg = Release|Any CPU
		{7E110B75-74CA-432B-93EB-EB82A30E6CF1}.Release|Any CPU.Build.0 = Release|Any CPU
	EndGlobalSection
	GlobalSection(SolutionProperties) = preSolution
		HideSolutionNode = FALSE
	EndGlobalSection
	GlobalSection(ExtensibilityGlobals) = postSolution
		SolutionGuid = {00A0FAB7-E149-46DF-BDF6-F0B4B1986D75}
	EndGlobalSection
EndGlobal
